
Microsoft Visual Studio Solution File, Format Version 12.00
# Visual Studio Version 16
VisualStudioVersion = 16.0.31613.86
MinimumVisualStudioVersion = 10.0.40219.1
Project("{FAE04EC0-301F-11D3-BF4B-00C04F79EFBC}") = "LabWeek11", "LabWeek11\LabWeek11.csproj", "{0280F8C2-C86A-402D-8309-AB3A883D2AEF}"
EndProject
Global
	GlobalSection(SolutionConfigurationPlatforms) = preSolution
		Debug|Any CPU = Debug|Any CPU
		Release|Any CPU = Release|Any CPU
	EndGlobalSection
	GlobalSection(ProjectConfigurationPlatforms) = postSolution
		{0280F8C2-C86A-402D-8309-AB3A883D2AEF}.Debug|Any CPU.ActiveCfg = Debug|Any CPU
		{0280F8C2-C86A-402D-8309-AB3A883D2AEF}.Debug|Any CPU.Build.0 = Debug|Any CPU
		{0280F8C2-C86A-402D-8309-AB3A883D2AEF}.Release|Any CPU.ActiveCfg = Release|Any CPU
		{0280F8C2-C86A-402D-8309-AB3A883D2AEF}.Release|Any CPU.Build.0 = Release|Any CPU
	EndGlobalSection
	GlobalSection(SolutionProperties) = preSolution
		HideSolutionNode = FALSE
	EndGlobalSection
	GlobalSection(ExtensibilityGlobals) = postSolution
		SolutionGuid = {E3D6D67C-6ACC-4192-A2D1-12C7516C7535}
	EndGlobalSection
EndGlobal
